
Microsoft Visual Studio Solution File, Format Version 12.00
# Visual Studio 15
Project("{FAE04EC0-301F-11D3-BF4B-00C04F79EFBC}") = "SR.MapGenerator", "SR.MapGenerator.csproj", "{8D1172DF-09DA-4F03-8391-D94276501309}"
EndProject
Global
	GlobalSection(SolutionConfigurationPlatforms) = preSolution
		Debug|Any CPU = Debug|Any CPU
		Release|Any CPU = Release|Any CPU
	EndGlobalSection
	GlobalSection(ProjectConfigurationPlatforms) = postSolution
		{8D1172DF-09DA-4F03-8391-D94276501309}.Debug|Any CPU.ActiveCfg = Debug|Any CPU
		{8D1172DF-09DA-4F03-8391-D94276501309}.Debug|Any CPU.Build.0 = Debug|Any CPU
		{8D1172DF-09DA-4F03-8391-D94276501309}.Release|Any CPU.ActiveCfg = Release|Any CPU
		{8D1172DF-09DA-4F03-8391-D94276501309}.Release|Any CPU.Build.0 = Release|Any CPU
	EndGlobalSection
EndGlobal
